
Microsoft Visual Studio Solution File, Format Version 12.00
# Visual Studio Version 17
VisualStudioVersion = 17.2.32616.157
MinimumVisualStudioVersion = 10.0.40219.1
Project("{FAE04EC0-301F-11D3-BF4B-00C04F79EFBC}") = "csharp-cibi-preferiti", "csharp-cibi-preferiti.csproj", "{A1147D0A-483D-4F31-9192-E802D3B8019D}"
EndProject
Global
	GlobalSection(SolutionConfigurationPlatforms) = preSolution
		Debug|Any CPU = Debug|Any CPU
		Release|Any CPU = Release|Any CPU
	EndGlobalSection
	GlobalSection(ProjectConfigurationPlatforms) = postSolution
		{A1147D0A-483D-4F31-9192-E802D3B8019D}.Debug|Any CPU.ActiveCfg = Debug|Any CPU
		{A1147D0A-483D-4F31-9192-E802D3B8019D}.Debug|Any CPU.Build.0 = Debug|Any CPU
		{A1147D0A-483D-4F31-9192-E802D3B8019D}.Release|Any CPU.ActiveCfg = Release|Any CPU
		{A1147D0A-483D-4F31-9192-E802D3B8019D}.Release|Any CPU.Build.0 = Release|Any CPU
	EndGlobalSection
	GlobalSection(SolutionProperties) = preSolution
		HideSolutionNode = FALSE
	EndGlobalSection
	GlobalSection(ExtensibilityGlobals) = postSolution
		SolutionGuid = {F7417129-FDF8-4BD0-A888-B8EA26E0C19D}
	EndGlobalSection
EndGlobal
